
Microsoft Visual Studio Solution File, Format Version 12.00
# Visual Studio Version 17
VisualStudioVersion = 17.3.32922.545
MinimumVisualStudioVersion = 10.0.40219.1
Project("{2150E333-8FDC-42A3-9474-1A3956D46DE8}") = "Services", "Services", "{DDEEF101-2759-4CD3-9ECA-8469151F96D6}"
EndProject
Project("{2150E333-8FDC-42A3-9474-1A3956D46DE8}") = "Catalog", "Catalog", "{49DC9942-76F5-473C-BFAA-FEF28E769F4B}"
EndProject
Project("{9A19103F-16F7-4668-BE54-9A1E7A4F7556}") = "Catalog.Api", "Services\Catalog\Catalog.Api\Catalog.Api.csproj", "{F56B6D9F-4D8A-44BE-9C9D-0637BA570E61}"
EndProject
Project("{E53339B2-1760-4266-BCC7-CA923CBCF16C}") = "docker-compose", "docker-compose.dcproj", "{0D868753-7B43-400E-B1B0-823D6A15375F}"
EndProject
Project("{2150E333-8FDC-42A3-9474-1A3956D46DE8}") = "Basket", "Basket", "{D1F4AD2B-A202-42A5-B1CD-81009F060E2D}"
EndProject
Project("{9A19103F-16F7-4668-BE54-9A1E7A4F7556}") = "Basket.Api", "Services\Basket\Basket.Api\Basket.Api.csproj", "{952C968E-1AA0-43B2-AEF7-3C05ABE2E3FC}"
EndProject
Project("{2150E333-8FDC-42A3-9474-1A3956D46DE8}") = "Discount", "Discount", "{AC83FE20-B3F2-4FD6-BD44-9F1112778891}"
EndProject
Project("{9A19103F-16F7-4668-BE54-9A1E7A4F7556}") = "Discount.Grpc", "Services\Discount\Discount.Grpc\Discount.Grpc.csproj", "{41561905-4D85-45E7-A050-21DFBCFEA943}"
EndProject
Project("{2150E333-8FDC-42A3-9474-1A3956D46DE8}") = "Ordering", "Ordering", "{AB95A355-5E84-4F61-B4BB-BE51883BD201}"
EndProject
Project("{9A19103F-16F7-4668-BE54-9A1E7A4F7556}") = "Ordering.Api", "Services\Ordering\Ordering.Api\Ordering.Api.csproj", "{FF495D5D-0E24-4D29-AB23-E53A8CCE4D2B}"
EndProject
Project("{9A19103F-16F7-4668-BE54-9A1E7A4F7556}") = "Ordering.Domain", "Services\Ordering\Ordering.Domain\Ordering.Domain.csproj", "{DBC79EE1-6A84-4FE5-9D32-61BA0E331B1F}"
EndProject
Project("{9A19103F-16F7-4668-BE54-9A1E7A4F7556}") = "Ordering.Application", "Services\Ordering\Ordering.Application\Ordering.Application.csproj", "{B7D1CCEE-D32B-4842-ADE4-210252D38BED}"
EndProject
Project("{9A19103F-16F7-4668-BE54-9A1E7A4F7556}") = "Ordering.Infrastructure", "Services\Ordering\Ordering.Infrastructure\Ordering.Infrastructure.csproj", "{4DB341BE-1E3C-4177-B8AD-109612E64501}"
EndProject
Project("{2150E333-8FDC-42A3-9474-1A3956D46DE8}") = "BuildingBlocks", "BuildingBlocks", "{4AF6B29E-A7CA-4C26-B300-FC976404A0EA}"
EndProject
Project("{FAE04EC0-301F-11D3-BF4B-00C04F79EFBC}") = "EventBus.Messages", "BuildingBlocks\EventBus.Messages\EventBus.Messages.csproj", "{77E10AEE-6CFA-432E-B52A-06EDEFBEFACD}"
EndProject
Global
	GlobalSection(SolutionConfigurationPlatforms) = preSolution
		Debug|Any CPU = Debug|Any CPU
		Release|Any CPU = Release|Any CPU
	EndGlobalSection
	GlobalSection(ProjectConfigurationPlatforms) = postSolution
		{F56B6D9F-4D8A-44BE-9C9D-0637BA570E61}.Debug|Any CPU.ActiveCfg = Debug|Any CPU
		{F56B6D9F-4D8A-44BE-9C9D-0637BA570E61}.Debug|Any CPU.Build.0 = Debug|Any CPU
		{F56B6D9F-4D8A-44BE-9C9D-0637BA570E61}.Release|Any CPU.ActiveCfg = Release|Any CPU
		{F56B6D9F-4D8A-44BE-9C9D-0637BA570E61}.Release|Any CPU.Build.0 = Release|Any CPU
		{0D868753-7B43-400E-B1B0-823D6A15375F}.Debug|Any CPU.ActiveCfg = Debug|Any CPU
		{0D868753-7B43-400E-B1B0-823D6A15375F}.Debug|Any CPU.Build.0 = Debug|Any CPU
		{0D868753-7B43-400E-B1B0-823D6A15375F}.Release|Any CPU.ActiveCfg = Release|Any CPU
		{0D868753-7B43-400E-B1B0-823D6A15375F}.Release|Any CPU.Build.0 = Release|Any CPU
		{952C968E-1AA0-43B2-AEF7-3C05ABE2E3FC}.Debug|Any CPU.ActiveCfg = Debug|Any CPU
		{952C968E-1AA0-43B2-AEF7-3C05ABE2E3FC}.Debug|Any CPU.Build.0 = Debug|Any CPU
		{952C968E-1AA0-43B2-AEF7-3C05ABE2E3FC}.Release|Any CPU.ActiveCfg = Release|Any CPU
		{952C968E-1AA0-43B2-AEF7-3C05ABE2E3FC}.Release|Any CPU.Build.0 = Release|Any CPU
		{41561905-4D85-45E7-A050-21DFBCFEA943}.Debug|Any CPU.ActiveCfg = Debug|Any CPU
		{41561905-4D85-45E7-A050-21DFBCFEA943}.Debug|Any CPU.Build.0 = Debug|Any CPU
		{41561905-4D85-45E7-A050-21DFBCFEA943}.Release|Any CPU.ActiveCfg = Release|Any CPU
		{41561905-4D85-45E7-A050-21DFBCFEA943}.Release|Any CPU.Build.0 = Release|Any CPU
		{FF495D5D-0E24-4D29-AB23-E53A8CCE4D2B}.Debug|Any CPU.ActiveCfg = Debug|Any CPU
		{FF495D5D-0E24-4D29-AB23-E53A8CCE4D2B}.Debug|Any CPU.Build.0 = Debug|Any CPU
		{FF495D5D-0E24-4D29-AB23-E53A8CCE4D2B}.Release|Any CPU.ActiveCfg = Release|Any CPU
		{FF495D5D-0E24-4D29-AB23-E53A8CCE4D2B}.Release|Any CPU.Build.0 = Release|Any CPU
		{DBC79EE1-6A84-4FE5-9D32-61BA0E331B1F}.Debug|Any CPU.ActiveCfg = Debug|Any CPU
		{DBC79EE1-6A84-4FE5-9D32-61BA0E331B1F}.Debug|Any CPU.Build.0 = Debug|Any CPU
		{DBC79EE1-6A84-4FE5-9D32-61BA0E331B1F}.Release|Any CPU.ActiveCfg = Release|Any CPU
		{DBC79EE1-6A84-4FE5-9D32-61BA0E331B1F}.Release|Any CPU.Build.0 = Release|Any CPU
		{B7D1CCEE-D32B-4842-ADE4-210252D38BED}.Debug|Any CPU.ActiveCfg = Debug|Any CPU
		{B7D1CCEE-D32B-4842-ADE4-210252D38BED}.Debug|Any CPU.Build.0 = Debug|Any CPU
		{B7D1CCEE-D32B-4842-ADE4-210252D38BED}.Release|Any CPU.ActiveCfg = Release|Any CPU
		{B7D1CCEE-D32B-4842-ADE4-210252D38BED}.Release|Any CPU.Build.0 = Release|Any CPU
		{4DB341BE-1E3C-4177-B8AD-109612E64501}.Debug|Any CPU.ActiveCfg = Debug|Any CPU
		{4DB341BE-1E3C-4177-B8AD-109612E64501}.Debug|Any CPU.Build.0 = Debug|Any CPU
		{4DB341BE-1E3C-4177-B8AD-109612E64501}.Release|Any CPU.ActiveCfg = Release|Any CPU
		{4DB341BE-1E3C-4177-B8AD-109612E64501}.Release|Any CPU.Build.0 = Release|Any CPU
		{77E10AEE-6CFA-432E-B52A-06EDEFBEFACD}.Debug|Any CPU.ActiveCfg = Debug|Any CPU
		{77E10AEE-6CFA-432E-B52A-06EDEFBEFACD}.Debug|Any CPU.Build.0 = Debug|Any CPU
		{77E10AEE-6CFA-432E-B52A-06EDEFBEFACD}.Release|Any CPU.ActiveCfg = Release|Any CPU
		{77E10AEE-6CFA-432E-B52A-06EDEFBEFACD}.Release|Any CPU.Build.0 = Release|Any CPU
	EndGlobalSection
	GlobalSection(SolutionProperties) = preSolution
		HideSolutionNode = FALSE
	EndGlobalSection
	GlobalSection(NestedProjects) = preSolution
		{49DC9942-76F5-473C-BFAA-FEF28E769F4B} = {DDEEF101-2759-4CD3-9ECA-8469151F96D6}
		{F56B6D9F-4D8A-44BE-9C9D-0637BA570E61} = {49DC9942-76F5-473C-BFAA-FEF28E769F4B}
		{D1F4AD2B-A202-42A5-B1CD-81009F060E2D} = {DDEEF101-2759-4CD3-9ECA-8469151F96D6}
		{952C968E-1AA0-43B2-AEF7-3C05ABE2E3FC} = {D1F4AD2B-A202-42A5-B1CD-81009F060E2D}
		{AC83FE20-B3F2-4FD6-BD44-9F1112778891} = {DDEEF101-2759-4CD3-9ECA-8469151F96D6}
		{41561905-4D85-45E7-A050-21DFBCFEA943} = {AC83FE20-B3F2-4FD6-BD44-9F1112778891}
		{AB95A355-5E84-4F61-B4BB-BE51883BD201} = {DDEEF101-2759-4CD3-9ECA-8469151F96D6}
		{FF495D5D-0E24-4D29-AB23-E53A8CCE4D2B} = {AB95A355-5E84-4F61-B4BB-BE51883BD201}
		{DBC79EE1-6A84-4FE5-9D32-61BA0E331B1F} = {AB95A355-5E84-4F61-B4BB-BE51883BD201}
		{B7D1CCEE-D32B-4842-ADE4-210252D38BED} = {AB95A355-5E84-4F61-B4BB-BE51883BD201}
		{4DB341BE-1E3C-4177-B8AD-109612E64501} = {AB95A355-5E84-4F61-B4BB-BE51883BD201}
		{77E10AEE-6CFA-432E-B52A-06EDEFBEFACD} = {4AF6B29E-A7CA-4C26-B300-FC976404A0EA}
	EndGlobalSection
	GlobalSection(ExtensibilityGlobals) = postSolution
		SolutionGuid = {6389A677-71FB-4954-B02A-0872E3C0CE2A}
	EndGlobalSection
EndGlobal
